
Microsoft Visual Studio Solution File, Format Version 12.00
# Visual Studio Version 16
VisualStudioVersion = 16.0.31205.134
MinimumVisualStudioVersion = 10.0.40219.1
Project("{FAE04EC0-301F-11D3-BF4B-00C04F79EFBC}") = "TH4_TranTienDat_1824801030161", "ClassLibrary2\TH4_TranTienDat_1824801030161.csproj", "{0D947833-2AB2-4627-927A-E2241AFAA7F1}"
EndProject
Global
	GlobalSection(SolutionConfigurationPlatforms) = preSolution
		Debug|Any CPU = Debug|Any CPU
		Release|Any CPU = Release|Any CPU
	EndGlobalSection
	GlobalSection(ProjectConfigurationPlatforms) = postSolution
		{0D947833-2AB2-4627-927A-E2241AFAA7F1}.Debug|Any CPU.ActiveCfg = Debug|Any CPU
		{0D947833-2AB2-4627-927A-E2241AFAA7F1}.Debug|Any CPU.Build.0 = Debug|Any CPU
		{0D947833-2AB2-4627-927A-E2241AFAA7F1}.Release|Any CPU.ActiveCfg = Release|Any CPU
		{0D947833-2AB2-4627-927A-E2241AFAA7F1}.Release|Any CPU.Build.0 = Release|Any CPU
	EndGlobalSection
	GlobalSection(SolutionProperties) = preSolution
		HideSolutionNode = FALSE
	EndGlobalSection
	GlobalSection(ExtensibilityGlobals) = postSolution
		SolutionGuid = {1FBAA670-6461-4966-96F3-A8E480E952FE}
	EndGlobalSection
EndGlobal
